
Microsoft Visual Studio Solution File, Format Version 12.00
# Visual Studio 15
VisualStudioVersion = 15.0.28010.2046
MinimumVisualStudioVersion = 10.0.40219.1
Project("{FAE04EC0-301F-11D3-BF4B-00C04F79EFBC}") = "ProductServiceAPI", "ProductServiceAPI\ProductServiceAPI.csproj", "{826FDBFC-D8FC-4000-B0D7-D9A145A91998}"
EndProject
Project("{FAE04EC0-301F-11D3-BF4B-00C04F79EFBC}") = "CatalogServiceAPI", "CatalogServiceAPI\CatalogServiceAPI.csproj", "{E4E252A6-0598-4AFE-9BCF-A91E8BAAB1AA}"
EndProject
Project("{2150E333-8FDC-42A3-9474-1A3956D46DE8}") = "Presentation", "Presentation", "{6EA22C00-5280-4484-90C4-9C61C090A54B}"
EndProject
Project("{FAE04EC0-301F-11D3-BF4B-00C04F79EFBC}") = "ConsoleApp", "ConsoleApp\ConsoleApp.csproj", "{5523CD77-0A8A-46F0-8495-399C4D9E46B2}"
EndProject
Project("{FAE04EC0-301F-11D3-BF4B-00C04F79EFBC}") = "CartServiceAPI", "CartServiceAPI\CartServiceAPI.csproj", "{33EA63CB-405B-44F7-B42A-04921BBBE349}"
EndProject
Global
	GlobalSection(SolutionConfigurationPlatforms) = preSolution
		Debug|Any CPU = Debug|Any CPU
		Release|Any CPU = Release|Any CPU
	EndGlobalSection
	GlobalSection(ProjectConfigurationPlatforms) = postSolution
		{826FDBFC-D8FC-4000-B0D7-D9A145A91998}.Debug|Any CPU.ActiveCfg = Debug|Any CPU
		{826FDBFC-D8FC-4000-B0D7-D9A145A91998}.Debug|Any CPU.Build.0 = Debug|Any CPU
		{826FDBFC-D8FC-4000-B0D7-D9A145A91998}.Release|Any CPU.ActiveCfg = Release|Any CPU
		{826FDBFC-D8FC-4000-B0D7-D9A145A91998}.Release|Any CPU.Build.0 = Release|Any CPU
		{E4E252A6-0598-4AFE-9BCF-A91E8BAAB1AA}.Debug|Any CPU.ActiveCfg = Debug|Any CPU
		{E4E252A6-0598-4AFE-9BCF-A91E8BAAB1AA}.Debug|Any CPU.Build.0 = Debug|Any CPU
		{E4E252A6-0598-4AFE-9BCF-A91E8BAAB1AA}.Release|Any CPU.ActiveCfg = Release|Any CPU
		{E4E252A6-0598-4AFE-9BCF-A91E8BAAB1AA}.Release|Any CPU.Build.0 = Release|Any CPU
		{5523CD77-0A8A-46F0-8495-399C4D9E46B2}.Debug|Any CPU.ActiveCfg = Debug|Any CPU
		{5523CD77-0A8A-46F0-8495-399C4D9E46B2}.Debug|Any CPU.Build.0 = Debug|Any CPU
		{5523CD77-0A8A-46F0-8495-399C4D9E46B2}.Release|Any CPU.ActiveCfg = Release|Any CPU
		{5523CD77-0A8A-46F0-8495-399C4D9E46B2}.Release|Any CPU.Build.0 = Release|Any CPU
		{33EA63CB-405B-44F7-B42A-04921BBBE349}.Debug|Any CPU.ActiveCfg = Debug|Any CPU
		{33EA63CB-405B-44F7-B42A-04921BBBE349}.Debug|Any CPU.Build.0 = Debug|Any CPU
		{33EA63CB-405B-44F7-B42A-04921BBBE349}.Release|Any CPU.ActiveCfg = Release|Any CPU
		{33EA63CB-405B-44F7-B42A-04921BBBE349}.Release|Any CPU.Build.0 = Release|Any CPU
	EndGlobalSection
	GlobalSection(SolutionProperties) = preSolution
		HideSolutionNode = FALSE
	EndGlobalSection
	GlobalSection(NestedProjects) = preSolution
		{5523CD77-0A8A-46F0-8495-399C4D9E46B2} = {6EA22C00-5280-4484-90C4-9C61C090A54B}
	EndGlobalSection
	GlobalSection(ExtensibilityGlobals) = postSolution
		SolutionGuid = {1B37D6E5-392E-4C12-A9C1-2E89541A18E8}
	EndGlobalSection
EndGlobal
